
Microsoft Visual Studio Solution File, Format Version 12.00
# Visual Studio 15
VisualStudioVersion = 15.0.27130.2036
MinimumVisualStudioVersion = 10.0.40219.1
Project("{FAE04EC0-301F-11D3-BF4B-00C04F79EFBC}") = "RedisTest", "RedisTest\RedisTest.csproj", "{7CDACAE5-1E7D-4926-81A9-15B085DF94BD}"
EndProject
Global
	GlobalSection(SolutionConfigurationPlatforms) = preSolution
		Debug|Any CPU = Debug|Any CPU
		Release|Any CPU = Release|Any CPU
	EndGlobalSection
	GlobalSection(ProjectConfigurationPlatforms) = postSolution
		{7CDACAE5-1E7D-4926-81A9-15B085DF94BD}.Debug|Any CPU.ActiveCfg = Debug|Any CPU
		{7CDACAE5-1E7D-4926-81A9-15B085DF94BD}.Debug|Any CPU.Build.0 = Debug|Any CPU
		{7CDACAE5-1E7D-4926-81A9-15B085DF94BD}.Release|Any CPU.ActiveCfg = Release|Any CPU
		{7CDACAE5-1E7D-4926-81A9-15B085DF94BD}.Release|Any CPU.Build.0 = Release|Any CPU
	EndGlobalSection
	GlobalSection(SolutionProperties) = preSolution
		HideSolutionNode = FALSE
	EndGlobalSection
	GlobalSection(ExtensibilityGlobals) = postSolution
		SolutionGuid = {E824649B-D7F6-4420-908E-2A1AAADDB6DA}
	EndGlobalSection
EndGlobal
